
Microsoft Visual Studio Solution File, Format Version 12.00
# Visual Studio Version 16
VisualStudioVersion = 16.0.30002.166
MinimumVisualStudioVersion = 10.0.40219.1
Project("{2150E333-8FDC-42A3-9474-1A3956D46DE8}") = "Application", "Application", "{CC85A1EB-D55E-438E-8639-4D5DA5EB3CEC}"
EndProject
Project("{2150E333-8FDC-42A3-9474-1A3956D46DE8}") = "Domain", "Domain", "{7A844504-A719-4C8B-AD12-8DE9E433CF89}"
EndProject
Project("{2150E333-8FDC-42A3-9474-1A3956D46DE8}") = "Infrastructure", "Infrastructure", "{E9B376A8-E374-46E6-A85A-BB81707B8E23}"
EndProject
Project("{2150E333-8FDC-42A3-9474-1A3956D46DE8}") = "Presentation", "Presentation", "{31D2A2D3-AADD-48E4-BDF7-9360C1A83C58}"
EndProject
Project("{2150E333-8FDC-42A3-9474-1A3956D46DE8}") = "Tests and Seeds", "Tests and Seeds", "{1897A383-54FB-4FAA-BB6E-BEF06B93555F}"
EndProject
Project("{9A19103F-16F7-4668-BE54-9A1E7A4F7556}") = "EcommerceDDD.WebApp", "src\EcommerceDDD.WebApp\EcommerceDDD.WebApp.csproj", "{E863BA56-A2E8-48DA-927C-F82665C46C25}"
EndProject
Project("{9A19103F-16F7-4668-BE54-9A1E7A4F7556}") = "EcommerceDDD.Tests", "src\EcommerceDDD.Tests\EcommerceDDD.Tests.csproj", "{76286231-094F-40A4-AE0D-0587212036F8}"
EndProject
Project("{9A19103F-16F7-4668-BE54-9A1E7A4F7556}") = "EcommerceDDD.DataSeed", "src\EcommerceDDD.DataSeed\EcommerceDDD.DataSeed.csproj", "{7040632D-2DC5-45E9-AC81-9B49DF2C64DE}"
EndProject
Project("{9A19103F-16F7-4668-BE54-9A1E7A4F7556}") = "EcommerceDDD.Infrastructure", "src\EcommerceDDD.Infrastructure\EcommerceDDD.Infrastructure.csproj", "{1CC1A229-975E-46F7-9A08-D311B23770BB}"
EndProject
Project("{9A19103F-16F7-4668-BE54-9A1E7A4F7556}") = "EcommerceDDD.Infrastructure.IoC", "src\EcommerceDDD.Infrastructure.IoC\EcommerceDDD.Infrastructure.IoC.csproj", "{14BCFDD7-0439-49FA-A525-9C8F404412E0}"
EndProject
Project("{9A19103F-16F7-4668-BE54-9A1E7A4F7556}") = "EcommerceDDD.Domain", "src\EcommerceDDD.Domain\EcommerceDDD.Domain.csproj", "{B22A2A5C-D3D3-41D5-A547-35D06AB5748F}"
EndProject
Project("{9A19103F-16F7-4668-BE54-9A1E7A4F7556}") = "EcommerceDDD.Domain.Core", "src\EcommerceDDD.Domain.Core\EcommerceDDD.Domain.Core.csproj", "{A2E64DB1-59F5-4C7D-BB8A-2BD2DE33DDD9}"
EndProject
Project("{9A19103F-16F7-4668-BE54-9A1E7A4F7556}") = "EcommerceDDD.Application", "src\EcommerceDDD.Application\EcommerceDDD.Application.csproj", "{DDCAEC0B-EF4D-4979-9D83-F646C7D23C2C}"
EndProject
Global
	GlobalSection(SolutionConfigurationPlatforms) = preSolution
		Debug|Any CPU = Debug|Any CPU
		Release|Any CPU = Release|Any CPU
	EndGlobalSection
	GlobalSection(ProjectConfigurationPlatforms) = postSolution
		{E863BA56-A2E8-48DA-927C-F82665C46C25}.Debug|Any CPU.ActiveCfg = Debug|Any CPU
		{E863BA56-A2E8-48DA-927C-F82665C46C25}.Debug|Any CPU.Build.0 = Debug|Any CPU
		{E863BA56-A2E8-48DA-927C-F82665C46C25}.Release|Any CPU.ActiveCfg = Release|Any CPU
		{E863BA56-A2E8-48DA-927C-F82665C46C25}.Release|Any CPU.Build.0 = Release|Any CPU
		{76286231-094F-40A4-AE0D-0587212036F8}.Debug|Any CPU.ActiveCfg = Debug|Any CPU
		{76286231-094F-40A4-AE0D-0587212036F8}.Debug|Any CPU.Build.0 = Debug|Any CPU
		{76286231-094F-40A4-AE0D-0587212036F8}.Release|Any CPU.ActiveCfg = Release|Any CPU
		{76286231-094F-40A4-AE0D-0587212036F8}.Release|Any CPU.Build.0 = Release|Any CPU
		{7040632D-2DC5-45E9-AC81-9B49DF2C64DE}.Debug|Any CPU.ActiveCfg = Debug|Any CPU
		{7040632D-2DC5-45E9-AC81-9B49DF2C64DE}.Debug|Any CPU.Build.0 = Debug|Any CPU
		{7040632D-2DC5-45E9-AC81-9B49DF2C64DE}.Release|Any CPU.ActiveCfg = Release|Any CPU
		{7040632D-2DC5-45E9-AC81-9B49DF2C64DE}.Release|Any CPU.Build.0 = Release|Any CPU
		{1CC1A229-975E-46F7-9A08-D311B23770BB}.Debug|Any CPU.ActiveCfg = Debug|Any CPU
		{1CC1A229-975E-46F7-9A08-D311B23770BB}.Debug|Any CPU.Build.0 = Debug|Any CPU
		{1CC1A229-975E-46F7-9A08-D311B23770BB}.Release|Any CPU.ActiveCfg = Release|Any CPU
		{1CC1A229-975E-46F7-9A08-D311B23770BB}.Release|Any CPU.Build.0 = Release|Any CPU
		{14BCFDD7-0439-49FA-A525-9C8F404412E0}.Debug|Any CPU.ActiveCfg = Debug|Any CPU
		{14BCFDD7-0439-49FA-A525-9C8F404412E0}.Debug|Any CPU.Build.0 = Debug|Any CPU
		{14BCFDD7-0439-49FA-A525-9C8F404412E0}.Release|Any CPU.ActiveCfg = Release|Any CPU
		{14BCFDD7-0439-49FA-A525-9C8F404412E0}.Release|Any CPU.Build.0 = Release|Any CPU
		{B22A2A5C-D3D3-41D5-A547-35D06AB5748F}.Debug|Any CPU.ActiveCfg = Debug|Any CPU
		{B22A2A5C-D3D3-41D5-A547-35D06AB5748F}.Debug|Any CPU.Build.0 = Debug|Any CPU
		{B22A2A5C-D3D3-41D5-A547-35D06AB5748F}.Release|Any CPU.ActiveCfg = Release|Any CPU
		{B22A2A5C-D3D3-41D5-A547-35D06AB5748F}.Release|Any CPU.Build.0 = Release|Any CPU
		{A2E64DB1-59F5-4C7D-BB8A-2BD2DE33DDD9}.Debug|Any CPU.ActiveCfg = Debug|Any CPU
		{A2E64DB1-59F5-4C7D-BB8A-2BD2DE33DDD9}.Debug|Any CPU.Build.0 = Debug|Any CPU
		{A2E64DB1-59F5-4C7D-BB8A-2BD2DE33DDD9}.Release|Any CPU.ActiveCfg = Release|Any CPU
		{A2E64DB1-59F5-4C7D-BB8A-2BD2DE33DDD9}.Release|Any CPU.Build.0 = Release|Any CPU
		{DDCAEC0B-EF4D-4979-9D83-F646C7D23C2C}.Debug|Any CPU.ActiveCfg = Debug|Any CPU
		{DDCAEC0B-EF4D-4979-9D83-F646C7D23C2C}.Debug|Any CPU.Build.0 = Debug|Any CPU
		{DDCAEC0B-EF4D-4979-9D83-F646C7D23C2C}.Release|Any CPU.ActiveCfg = Release|Any CPU
		{DDCAEC0B-EF4D-4979-9D83-F646C7D23C2C}.Release|Any CPU.Build.0 = Release|Any CPU
	EndGlobalSection
	GlobalSection(SolutionProperties) = preSolution
		HideSolutionNode = FALSE
	EndGlobalSection
	GlobalSection(NestedProjects) = preSolution
		{E863BA56-A2E8-48DA-927C-F82665C46C25} = {31D2A2D3-AADD-48E4-BDF7-9360C1A83C58}
		{76286231-094F-40A4-AE0D-0587212036F8} = {1897A383-54FB-4FAA-BB6E-BEF06B93555F}
		{7040632D-2DC5-45E9-AC81-9B49DF2C64DE} = {1897A383-54FB-4FAA-BB6E-BEF06B93555F}
		{1CC1A229-975E-46F7-9A08-D311B23770BB} = {E9B376A8-E374-46E6-A85A-BB81707B8E23}
		{14BCFDD7-0439-49FA-A525-9C8F404412E0} = {E9B376A8-E374-46E6-A85A-BB81707B8E23}
		{B22A2A5C-D3D3-41D5-A547-35D06AB5748F} = {7A844504-A719-4C8B-AD12-8DE9E433CF89}
		{A2E64DB1-59F5-4C7D-BB8A-2BD2DE33DDD9} = {7A844504-A719-4C8B-AD12-8DE9E433CF89}
		{DDCAEC0B-EF4D-4979-9D83-F646C7D23C2C} = {CC85A1EB-D55E-438E-8639-4D5DA5EB3CEC}
	EndGlobalSection
	GlobalSection(ExtensibilityGlobals) = postSolution
		SolutionGuid = {920B9A56-71E3-492F-93BD-FA154EF349D2}
	EndGlobalSection
EndGlobal
