
Microsoft Visual Studio Solution File, Format Version 12.00
# Visual Studio Version 17
VisualStudioVersion = 17.1.31911.260
MinimumVisualStudioVersion = 10.0.40219.1
Project("{2150E333-8FDC-42A3-9474-1A3956D46DE8}") = "Core", "Core", "{138A4E54-6ECE-40DF-8C0E-CD0905B4563D}"
EndProject
Project("{9A19103F-16F7-4668-BE54-9A1E7A4F7556}") = "EcommerceDDD.Core", "src\Core\EcommerceDDD.Core\EcommerceDDD.Core.csproj", "{1F4E7EE9-95C2-4C02-B894-48F73095450B}"
EndProject
Project("{2150E333-8FDC-42A3-9474-1A3956D46DE8}") = "Crosscutting", "Crosscutting", "{2EBCF63E-7C14-47A7-B972-C7870434AD32}"
EndProject
Project("{2150E333-8FDC-42A3-9474-1A3956D46DE8}") = "Services", "Services", "{8E46C76D-A0A4-4384-ABA5-77983DE839B4}"
EndProject
Project("{9A19103F-16F7-4668-BE54-9A1E7A4F7556}") = "EcommerceDDD.IdentityServer", "src\Crosscutting\EcommerceDDD.IdentityServer\EcommerceDDD.IdentityServer.csproj", "{FC3A425C-085B-4A95-B8D9-70E40E729EE2}"
EndProject
Project("{9A19103F-16F7-4668-BE54-9A1E7A4F7556}") = "EcommerceDDD.ApiGateway", "src\Crosscutting\EcommerceDDD.ApiGateway\EcommerceDDD.ApiGateway.csproj", "{79126725-FC1F-4B6E-BC79-7EC37B7AB665}"
EndProject
Project("{2150E333-8FDC-42A3-9474-1A3956D46DE8}") = "CustomerManagement", "CustomerManagement", "{7F97A1C0-EBBA-47E9-BE7D-A11CC58E4DA4}"
EndProject
Project("{2150E333-8FDC-42A3-9474-1A3956D46DE8}") = "ProductCatalog", "ProductCatalog", "{95E52045-FBA0-49D3-98F9-1B3C22365297}"
EndProject
Project("{2150E333-8FDC-42A3-9474-1A3956D46DE8}") = "QuoteManagement", "QuoteManagement", "{7B1F8BA8-D8A4-4604-92F8-8AB9EA0485B8}"
EndProject
Project("{9A19103F-16F7-4668-BE54-9A1E7A4F7556}") = "EcommerceDDD.Core.Infrastructure", "src\Core\EcommerceDDD.Core.Infrastructure\EcommerceDDD.Core.Infrastructure.csproj", "{B9A1AC49-85F7-4D2A-A995-F861E586A6BF}"
EndProject
Project("{2150E333-8FDC-42A3-9474-1A3956D46DE8}") = "OrderProcessing", "OrderProcessing", "{408745A1-86B6-4B3A-A3CA-BD185CCC1B44}"
EndProject
Project("{2150E333-8FDC-42A3-9474-1A3956D46DE8}") = "PaymentProcessing", "PaymentProcessing", "{05472752-51BD-44E8-B9FB-4B3E45D68D76}"
EndProject
Project("{E53339B2-1760-4266-BCC7-CA923CBCF16C}") = "docker-compose", "docker-compose.dcproj", "{9A7392E9-3ACA-4A70-BDAB-45DD99F14FE4}"
EndProject
Project("{9A19103F-16F7-4668-BE54-9A1E7A4F7556}") = "EcommerceDDD.Core.Tests", "src\Core\EcommerceDDD.Core.Tests\EcommerceDDD.Core.Tests.csproj", "{C6E88E04-469C-43BC-BFD1-E09E29BC2C10}"
EndProject
Project("{9A19103F-16F7-4668-BE54-9A1E7A4F7556}") = "EcommerceDDD.Core.Infrastructure.Tests", "src\Core\EcommerceDDD.Core.Infrastructure.Tests\EcommerceDDD.Core.Infrastructure.Tests.csproj", "{A3410852-F756-4ADA-BFCF-3168B06B3531}"
EndProject
Project("{2150E333-8FDC-42A3-9474-1A3956D46DE8}") = "ShipmentProcessing", "ShipmentProcessing", "{768D563D-C908-43D7-BD46-36D2012CE634}"
EndProject
Project("{2150E333-8FDC-42A3-9474-1A3956D46DE8}") = "InventoryManagement", "InventoryManagement", "{C90A4F2B-9DDF-40F8-B0EC-C5546622313E}"
EndProject
Project("{9A19103F-16F7-4668-BE54-9A1E7A4F7556}") = "EcommerceDDD.CustomerManagement", "src\Services\EcommerceDDD.CustomerManagement\EcommerceDDD.CustomerManagement.csproj", "{2035DCE7-5A27-431A-AC69-D4DD688D3B9C}"
EndProject
Project("{9A19103F-16F7-4668-BE54-9A1E7A4F7556}") = "EcommerceDDD.CustomerManagement.Tests", "src\Services\EcommerceDDD.CustomerManagement.Tests\EcommerceDDD.CustomerManagement.Tests.csproj", "{A038952D-12E3-4AE0-9A61-E5091418B133}"
EndProject
Project("{9A19103F-16F7-4668-BE54-9A1E7A4F7556}") = "EcommerceDDD.OrderProcessing", "src\Services\EcommerceDDD.OrderProcessing\EcommerceDDD.OrderProcessing.csproj", "{04045E80-3B7B-49C9-8E4C-B3F770F00914}"
EndProject
Project("{9A19103F-16F7-4668-BE54-9A1E7A4F7556}") = "EcommerceDDD.OrderProcessing.Tests", "src\Services\EcommerceDDD.OrderProcessing.Tests\EcommerceDDD.OrderProcessing.Tests.csproj", "{74FB80C1-7D4A-497F-A859-50DD4ABC1646}"
EndProject
Project("{9A19103F-16F7-4668-BE54-9A1E7A4F7556}") = "EcommerceDDD.PaymentProcessing", "src\Services\EcommerceDDD.PaymentProcessing\EcommerceDDD.PaymentProcessing.csproj", "{965AA975-2C3E-4A05-A185-410A5E4D3DD6}"
EndProject
Project("{9A19103F-16F7-4668-BE54-9A1E7A4F7556}") = "EcommerceDDD.PaymentProcessing.Tests", "src\Services\EcommerceDDD.PaymentProcessing.Tests\EcommerceDDD.PaymentProcessing.Tests.csproj", "{88E1B467-8092-47CD-9DB9-0C6B20B3D235}"
EndProject
Project("{9A19103F-16F7-4668-BE54-9A1E7A4F7556}") = "EcommerceDDD.ShipmentProcessing.Tests", "src\Services\EcommerceDDD.ShipmentProcessing.Tests\EcommerceDDD.ShipmentProcessing.Tests.csproj", "{47320E5A-FCEC-4A23-9ADC-ED4682EDE165}"
EndProject
Project("{9A19103F-16F7-4668-BE54-9A1E7A4F7556}") = "EcommerceDDD.ShipmentProcessing", "src\Services\EcommerceDDD.ShipmentProcessing\EcommerceDDD.ShipmentProcessing.csproj", "{362D06E4-F86E-4E35-9932-A6D13DFDBBF3}"
EndProject
Project("{9A19103F-16F7-4668-BE54-9A1E7A4F7556}") = "EcommerceDDD.QuoteManagement", "src\Services\EcommerceDDD.QuoteManagement\EcommerceDDD.QuoteManagement.csproj", "{8C758B89-C54B-498D-BF89-B5B517060C13}"
EndProject
Project("{9A19103F-16F7-4668-BE54-9A1E7A4F7556}") = "EcommerceDDD.ProductCatalog", "src\Services\EcommerceDDD.ProductCatalog\EcommerceDDD.ProductCatalog.csproj", "{30E0AE16-4F61-4D37-991C-95AD09F5FEB6}"
EndProject
Project("{9A19103F-16F7-4668-BE54-9A1E7A4F7556}") = "EcommerceDDD.ProductCatalog.Tests", "src\Services\EcommerceDDD.ProductCatalog.Tests\EcommerceDDD.ProductCatalog.Tests.csproj", "{5FF4F323-C801-4359-99E7-0A0C2BF0ACA4}"
EndProject
Project("{9A19103F-16F7-4668-BE54-9A1E7A4F7556}") = "EcommerceDDD.InventoryManagement", "src\Services\EcommerceDDD.InventoryManagement\EcommerceDDD.InventoryManagement.csproj", "{CA70DD69-D513-4209-8E4A-A47F6773D1DA}"
EndProject
Project("{9A19103F-16F7-4668-BE54-9A1E7A4F7556}") = "EcommerceDDD.QuoteManagement.Tests", "src\Services\EcommerceDDD.QuoteManagement.Tests\EcommerceDDD.QuoteManagement.Tests.csproj", "{FD844762-CFC4-4A49-9831-042A86294BF3}"
EndProject
Project("{FAE04EC0-301F-11D3-BF4B-00C04F79EFBC}") = "EcommerceDDD.InventoryManagement.Tests", "src\Services\EcommerceDDD.InventoryManagement.Tests\EcommerceDDD.InventoryManagement.Tests.csproj", "{487D7187-2669-4BB8-A3A7-F39031EC818B}"
EndProject
Global
	GlobalSection(SolutionConfigurationPlatforms) = preSolution
		Debug|Any CPU = Debug|Any CPU
		Debug|x64 = Debug|x64
		Release|Any CPU = Release|Any CPU
		Release|x64 = Release|x64
	EndGlobalSection
	GlobalSection(ProjectConfigurationPlatforms) = postSolution
		{1F4E7EE9-95C2-4C02-B894-48F73095450B}.Debug|Any CPU.ActiveCfg = Debug|Any CPU
		{1F4E7EE9-95C2-4C02-B894-48F73095450B}.Debug|Any CPU.Build.0 = Debug|Any CPU
		{1F4E7EE9-95C2-4C02-B894-48F73095450B}.Debug|x64.ActiveCfg = Debug|Any CPU
		{1F4E7EE9-95C2-4C02-B894-48F73095450B}.Debug|x64.Build.0 = Debug|Any CPU
		{1F4E7EE9-95C2-4C02-B894-48F73095450B}.Release|Any CPU.ActiveCfg = Release|Any CPU
		{1F4E7EE9-95C2-4C02-B894-48F73095450B}.Release|Any CPU.Build.0 = Release|Any CPU
		{1F4E7EE9-95C2-4C02-B894-48F73095450B}.Release|x64.ActiveCfg = Release|x64
		{1F4E7EE9-95C2-4C02-B894-48F73095450B}.Release|x64.Build.0 = Release|x64
		{FC3A425C-085B-4A95-B8D9-70E40E729EE2}.Debug|Any CPU.ActiveCfg = Debug|Any CPU
		{FC3A425C-085B-4A95-B8D9-70E40E729EE2}.Debug|Any CPU.Build.0 = Debug|Any CPU
		{FC3A425C-085B-4A95-B8D9-70E40E729EE2}.Debug|x64.ActiveCfg = Debug|Any CPU
		{FC3A425C-085B-4A95-B8D9-70E40E729EE2}.Debug|x64.Build.0 = Debug|Any CPU
		{FC3A425C-085B-4A95-B8D9-70E40E729EE2}.Release|Any CPU.ActiveCfg = Release|Any CPU
		{FC3A425C-085B-4A95-B8D9-70E40E729EE2}.Release|Any CPU.Build.0 = Release|Any CPU
		{FC3A425C-085B-4A95-B8D9-70E40E729EE2}.Release|x64.ActiveCfg = Release|Any CPU
		{FC3A425C-085B-4A95-B8D9-70E40E729EE2}.Release|x64.Build.0 = Release|Any CPU
		{79126725-FC1F-4B6E-BC79-7EC37B7AB665}.Debug|Any CPU.ActiveCfg = Debug|Any CPU
		{79126725-FC1F-4B6E-BC79-7EC37B7AB665}.Debug|Any CPU.Build.0 = Debug|Any CPU
		{79126725-FC1F-4B6E-BC79-7EC37B7AB665}.Debug|x64.ActiveCfg = Debug|x64
		{79126725-FC1F-4B6E-BC79-7EC37B7AB665}.Debug|x64.Build.0 = Debug|x64
		{79126725-FC1F-4B6E-BC79-7EC37B7AB665}.Release|Any CPU.ActiveCfg = Release|Any CPU
		{79126725-FC1F-4B6E-BC79-7EC37B7AB665}.Release|Any CPU.Build.0 = Release|Any CPU
		{79126725-FC1F-4B6E-BC79-7EC37B7AB665}.Release|x64.ActiveCfg = Release|x64
		{79126725-FC1F-4B6E-BC79-7EC37B7AB665}.Release|x64.Build.0 = Release|x64
		{B9A1AC49-85F7-4D2A-A995-F861E586A6BF}.Debug|Any CPU.ActiveCfg = Debug|Any CPU
		{B9A1AC49-85F7-4D2A-A995-F861E586A6BF}.Debug|Any CPU.Build.0 = Debug|Any CPU
		{B9A1AC49-85F7-4D2A-A995-F861E586A6BF}.Debug|x64.ActiveCfg = Debug|Any CPU
		{B9A1AC49-85F7-4D2A-A995-F861E586A6BF}.Debug|x64.Build.0 = Debug|Any CPU
		{B9A1AC49-85F7-4D2A-A995-F861E586A6BF}.Release|Any CPU.ActiveCfg = Release|Any CPU
		{B9A1AC49-85F7-4D2A-A995-F861E586A6BF}.Release|Any CPU.Build.0 = Release|Any CPU
		{B9A1AC49-85F7-4D2A-A995-F861E586A6BF}.Release|x64.ActiveCfg = Release|Any CPU
		{B9A1AC49-85F7-4D2A-A995-F861E586A6BF}.Release|x64.Build.0 = Release|Any CPU
		{9A7392E9-3ACA-4A70-BDAB-45DD99F14FE4}.Debug|Any CPU.ActiveCfg = Debug|Any CPU
		{9A7392E9-3ACA-4A70-BDAB-45DD99F14FE4}.Debug|Any CPU.Build.0 = Debug|Any CPU
		{9A7392E9-3ACA-4A70-BDAB-45DD99F14FE4}.Debug|x64.ActiveCfg = Debug|Any CPU
		{9A7392E9-3ACA-4A70-BDAB-45DD99F14FE4}.Debug|x64.Build.0 = Debug|Any CPU
		{9A7392E9-3ACA-4A70-BDAB-45DD99F14FE4}.Release|Any CPU.ActiveCfg = Release|Any CPU
		{9A7392E9-3ACA-4A70-BDAB-45DD99F14FE4}.Release|Any CPU.Build.0 = Release|Any CPU
		{9A7392E9-3ACA-4A70-BDAB-45DD99F14FE4}.Release|x64.ActiveCfg = Release|Any CPU
		{9A7392E9-3ACA-4A70-BDAB-45DD99F14FE4}.Release|x64.Build.0 = Release|Any CPU
		{C6E88E04-469C-43BC-BFD1-E09E29BC2C10}.Debug|Any CPU.ActiveCfg = Debug|Any CPU
		{C6E88E04-469C-43BC-BFD1-E09E29BC2C10}.Debug|Any CPU.Build.0 = Debug|Any CPU
		{C6E88E04-469C-43BC-BFD1-E09E29BC2C10}.Debug|x64.ActiveCfg = Debug|Any CPU
		{C6E88E04-469C-43BC-BFD1-E09E29BC2C10}.Debug|x64.Build.0 = Debug|Any CPU
		{C6E88E04-469C-43BC-BFD1-E09E29BC2C10}.Release|Any CPU.ActiveCfg = Release|Any CPU
		{C6E88E04-469C-43BC-BFD1-E09E29BC2C10}.Release|Any CPU.Build.0 = Release|Any CPU
		{C6E88E04-469C-43BC-BFD1-E09E29BC2C10}.Release|x64.ActiveCfg = Release|Any CPU
		{C6E88E04-469C-43BC-BFD1-E09E29BC2C10}.Release|x64.Build.0 = Release|Any CPU
		{A3410852-F756-4ADA-BFCF-3168B06B3531}.Debug|Any CPU.ActiveCfg = Debug|Any CPU
		{A3410852-F756-4ADA-BFCF-3168B06B3531}.Debug|Any CPU.Build.0 = Debug|Any CPU
		{A3410852-F756-4ADA-BFCF-3168B06B3531}.Debug|x64.ActiveCfg = Debug|Any CPU
		{A3410852-F756-4ADA-BFCF-3168B06B3531}.Debug|x64.Build.0 = Debug|Any CPU
		{A3410852-F756-4ADA-BFCF-3168B06B3531}.Release|Any CPU.ActiveCfg = Release|Any CPU
		{A3410852-F756-4ADA-BFCF-3168B06B3531}.Release|Any CPU.Build.0 = Release|Any CPU
		{A3410852-F756-4ADA-BFCF-3168B06B3531}.Release|x64.ActiveCfg = Release|Any CPU
		{A3410852-F756-4ADA-BFCF-3168B06B3531}.Release|x64.Build.0 = Release|Any CPU
		{2035DCE7-5A27-431A-AC69-D4DD688D3B9C}.Debug|Any CPU.ActiveCfg = Debug|Any CPU
		{2035DCE7-5A27-431A-AC69-D4DD688D3B9C}.Debug|Any CPU.Build.0 = Debug|Any CPU
		{2035DCE7-5A27-431A-AC69-D4DD688D3B9C}.Debug|x64.ActiveCfg = Debug|x64
		{2035DCE7-5A27-431A-AC69-D4DD688D3B9C}.Debug|x64.Build.0 = Debug|x64
		{2035DCE7-5A27-431A-AC69-D4DD688D3B9C}.Release|Any CPU.ActiveCfg = Release|Any CPU
		{2035DCE7-5A27-431A-AC69-D4DD688D3B9C}.Release|Any CPU.Build.0 = Release|Any CPU
		{2035DCE7-5A27-431A-AC69-D4DD688D3B9C}.Release|x64.ActiveCfg = Release|x64
		{2035DCE7-5A27-431A-AC69-D4DD688D3B9C}.Release|x64.Build.0 = Release|x64
		{A038952D-12E3-4AE0-9A61-E5091418B133}.Debug|Any CPU.ActiveCfg = Debug|Any CPU
		{A038952D-12E3-4AE0-9A61-E5091418B133}.Debug|Any CPU.Build.0 = Debug|Any CPU
		{A038952D-12E3-4AE0-9A61-E5091418B133}.Debug|x64.ActiveCfg = Debug|Any CPU
		{A038952D-12E3-4AE0-9A61-E5091418B133}.Debug|x64.Build.0 = Debug|Any CPU
		{A038952D-12E3-4AE0-9A61-E5091418B133}.Release|Any CPU.ActiveCfg = Release|Any CPU
		{A038952D-12E3-4AE0-9A61-E5091418B133}.Release|Any CPU.Build.0 = Release|Any CPU
		{A038952D-12E3-4AE0-9A61-E5091418B133}.Release|x64.ActiveCfg = Release|Any CPU
		{A038952D-12E3-4AE0-9A61-E5091418B133}.Release|x64.Build.0 = Release|Any CPU
		{04045E80-3B7B-49C9-8E4C-B3F770F00914}.Debug|Any CPU.ActiveCfg = Debug|Any CPU
		{04045E80-3B7B-49C9-8E4C-B3F770F00914}.Debug|Any CPU.Build.0 = Debug|Any CPU
		{04045E80-3B7B-49C9-8E4C-B3F770F00914}.Debug|x64.ActiveCfg = Debug|Any CPU
		{04045E80-3B7B-49C9-8E4C-B3F770F00914}.Debug|x64.Build.0 = Debug|Any CPU
		{04045E80-3B7B-49C9-8E4C-B3F770F00914}.Release|Any CPU.ActiveCfg = Release|Any CPU
		{04045E80-3B7B-49C9-8E4C-B3F770F00914}.Release|Any CPU.Build.0 = Release|Any CPU
		{04045E80-3B7B-49C9-8E4C-B3F770F00914}.Release|x64.ActiveCfg = Release|Any CPU
		{04045E80-3B7B-49C9-8E4C-B3F770F00914}.Release|x64.Build.0 = Release|Any CPU
		{74FB80C1-7D4A-497F-A859-50DD4ABC1646}.Debug|Any CPU.ActiveCfg = Debug|Any CPU
		{74FB80C1-7D4A-497F-A859-50DD4ABC1646}.Debug|Any CPU.Build.0 = Debug|Any CPU
		{74FB80C1-7D4A-497F-A859-50DD4ABC1646}.Debug|x64.ActiveCfg = Debug|Any CPU
		{74FB80C1-7D4A-497F-A859-50DD4ABC1646}.Debug|x64.Build.0 = Debug|Any CPU
		{74FB80C1-7D4A-497F-A859-50DD4ABC1646}.Release|Any CPU.ActiveCfg = Release|Any CPU
		{74FB80C1-7D4A-497F-A859-50DD4ABC1646}.Release|Any CPU.Build.0 = Release|Any CPU
		{74FB80C1-7D4A-497F-A859-50DD4ABC1646}.Release|x64.ActiveCfg = Release|Any CPU
		{74FB80C1-7D4A-497F-A859-50DD4ABC1646}.Release|x64.Build.0 = Release|Any CPU
		{965AA975-2C3E-4A05-A185-410A5E4D3DD6}.Debug|Any CPU.ActiveCfg = Debug|Any CPU
		{965AA975-2C3E-4A05-A185-410A5E4D3DD6}.Debug|Any CPU.Build.0 = Debug|Any CPU
		{965AA975-2C3E-4A05-A185-410A5E4D3DD6}.Debug|x64.ActiveCfg = Debug|Any CPU
		{965AA975-2C3E-4A05-A185-410A5E4D3DD6}.Debug|x64.Build.0 = Debug|Any CPU
		{965AA975-2C3E-4A05-A185-410A5E4D3DD6}.Release|Any CPU.ActiveCfg = Release|Any CPU
		{965AA975-2C3E-4A05-A185-410A5E4D3DD6}.Release|Any CPU.Build.0 = Release|Any CPU
		{965AA975-2C3E-4A05-A185-410A5E4D3DD6}.Release|x64.ActiveCfg = Release|Any CPU
		{965AA975-2C3E-4A05-A185-410A5E4D3DD6}.Release|x64.Build.0 = Release|Any CPU
		{88E1B467-8092-47CD-9DB9-0C6B20B3D235}.Debug|Any CPU.ActiveCfg = Debug|Any CPU
		{88E1B467-8092-47CD-9DB9-0C6B20B3D235}.Debug|Any CPU.Build.0 = Debug|Any CPU
		{88E1B467-8092-47CD-9DB9-0C6B20B3D235}.Debug|x64.ActiveCfg = Debug|Any CPU
		{88E1B467-8092-47CD-9DB9-0C6B20B3D235}.Debug|x64.Build.0 = Debug|Any CPU
		{88E1B467-8092-47CD-9DB9-0C6B20B3D235}.Release|Any CPU.ActiveCfg = Release|Any CPU
		{88E1B467-8092-47CD-9DB9-0C6B20B3D235}.Release|Any CPU.Build.0 = Release|Any CPU
		{88E1B467-8092-47CD-9DB9-0C6B20B3D235}.Release|x64.ActiveCfg = Release|Any CPU
		{88E1B467-8092-47CD-9DB9-0C6B20B3D235}.Release|x64.Build.0 = Release|Any CPU
		{47320E5A-FCEC-4A23-9ADC-ED4682EDE165}.Debug|Any CPU.ActiveCfg = Debug|Any CPU
		{47320E5A-FCEC-4A23-9ADC-ED4682EDE165}.Debug|Any CPU.Build.0 = Debug|Any CPU
		{47320E5A-FCEC-4A23-9ADC-ED4682EDE165}.Debug|x64.ActiveCfg = Debug|Any CPU
		{47320E5A-FCEC-4A23-9ADC-ED4682EDE165}.Debug|x64.Build.0 = Debug|Any CPU
		{47320E5A-FCEC-4A23-9ADC-ED4682EDE165}.Release|Any CPU.ActiveCfg = Release|Any CPU
		{47320E5A-FCEC-4A23-9ADC-ED4682EDE165}.Release|Any CPU.Build.0 = Release|Any CPU
		{47320E5A-FCEC-4A23-9ADC-ED4682EDE165}.Release|x64.ActiveCfg = Release|Any CPU
		{47320E5A-FCEC-4A23-9ADC-ED4682EDE165}.Release|x64.Build.0 = Release|Any CPU
		{362D06E4-F86E-4E35-9932-A6D13DFDBBF3}.Debug|Any CPU.ActiveCfg = Debug|Any CPU
		{362D06E4-F86E-4E35-9932-A6D13DFDBBF3}.Debug|Any CPU.Build.0 = Debug|Any CPU
		{362D06E4-F86E-4E35-9932-A6D13DFDBBF3}.Debug|x64.ActiveCfg = Debug|Any CPU
		{362D06E4-F86E-4E35-9932-A6D13DFDBBF3}.Debug|x64.Build.0 = Debug|Any CPU
		{362D06E4-F86E-4E35-9932-A6D13DFDBBF3}.Release|Any CPU.ActiveCfg = Release|Any CPU
		{362D06E4-F86E-4E35-9932-A6D13DFDBBF3}.Release|Any CPU.Build.0 = Release|Any CPU
		{362D06E4-F86E-4E35-9932-A6D13DFDBBF3}.Release|x64.ActiveCfg = Release|Any CPU
		{362D06E4-F86E-4E35-9932-A6D13DFDBBF3}.Release|x64.Build.0 = Release|Any CPU
		{8C758B89-C54B-498D-BF89-B5B517060C13}.Debug|Any CPU.ActiveCfg = Debug|Any CPU
		{8C758B89-C54B-498D-BF89-B5B517060C13}.Debug|Any CPU.Build.0 = Debug|Any CPU
		{8C758B89-C54B-498D-BF89-B5B517060C13}.Debug|x64.ActiveCfg = Debug|Any CPU
		{8C758B89-C54B-498D-BF89-B5B517060C13}.Debug|x64.Build.0 = Debug|Any CPU
		{8C758B89-C54B-498D-BF89-B5B517060C13}.Release|Any CPU.ActiveCfg = Release|Any CPU
		{8C758B89-C54B-498D-BF89-B5B517060C13}.Release|Any CPU.Build.0 = Release|Any CPU
		{8C758B89-C54B-498D-BF89-B5B517060C13}.Release|x64.ActiveCfg = Release|Any CPU
		{8C758B89-C54B-498D-BF89-B5B517060C13}.Release|x64.Build.0 = Release|Any CPU
		{30E0AE16-4F61-4D37-991C-95AD09F5FEB6}.Debug|Any CPU.ActiveCfg = Debug|Any CPU
		{30E0AE16-4F61-4D37-991C-95AD09F5FEB6}.Debug|Any CPU.Build.0 = Debug|Any CPU
		{30E0AE16-4F61-4D37-991C-95AD09F5FEB6}.Debug|x64.ActiveCfg = Debug|x64
		{30E0AE16-4F61-4D37-991C-95AD09F5FEB6}.Debug|x64.Build.0 = Debug|x64
		{30E0AE16-4F61-4D37-991C-95AD09F5FEB6}.Release|Any CPU.ActiveCfg = Release|Any CPU
		{30E0AE16-4F61-4D37-991C-95AD09F5FEB6}.Release|Any CPU.Build.0 = Release|Any CPU
		{30E0AE16-4F61-4D37-991C-95AD09F5FEB6}.Release|x64.ActiveCfg = Release|x64
		{30E0AE16-4F61-4D37-991C-95AD09F5FEB6}.Release|x64.Build.0 = Release|x64
		{5FF4F323-C801-4359-99E7-0A0C2BF0ACA4}.Debug|Any CPU.ActiveCfg = Debug|Any CPU
		{5FF4F323-C801-4359-99E7-0A0C2BF0ACA4}.Debug|Any CPU.Build.0 = Debug|Any CPU
		{5FF4F323-C801-4359-99E7-0A0C2BF0ACA4}.Debug|x64.ActiveCfg = Debug|Any CPU
		{5FF4F323-C801-4359-99E7-0A0C2BF0ACA4}.Debug|x64.Build.0 = Debug|Any CPU
		{5FF4F323-C801-4359-99E7-0A0C2BF0ACA4}.Release|Any CPU.ActiveCfg = Release|Any CPU
		{5FF4F323-C801-4359-99E7-0A0C2BF0ACA4}.Release|Any CPU.Build.0 = Release|Any CPU
		{5FF4F323-C801-4359-99E7-0A0C2BF0ACA4}.Release|x64.ActiveCfg = Release|Any CPU
		{5FF4F323-C801-4359-99E7-0A0C2BF0ACA4}.Release|x64.Build.0 = Release|Any CPU
		{CA70DD69-D513-4209-8E4A-A47F6773D1DA}.Debug|Any CPU.ActiveCfg = Debug|Any CPU
		{CA70DD69-D513-4209-8E4A-A47F6773D1DA}.Debug|Any CPU.Build.0 = Debug|Any CPU
		{CA70DD69-D513-4209-8E4A-A47F6773D1DA}.Debug|x64.ActiveCfg = Debug|x64
		{CA70DD69-D513-4209-8E4A-A47F6773D1DA}.Debug|x64.Build.0 = Debug|x64
		{CA70DD69-D513-4209-8E4A-A47F6773D1DA}.Release|Any CPU.ActiveCfg = Release|Any CPU
		{CA70DD69-D513-4209-8E4A-A47F6773D1DA}.Release|Any CPU.Build.0 = Release|Any CPU
		{CA70DD69-D513-4209-8E4A-A47F6773D1DA}.Release|x64.ActiveCfg = Release|x64
		{CA70DD69-D513-4209-8E4A-A47F6773D1DA}.Release|x64.Build.0 = Release|x64
		{FD844762-CFC4-4A49-9831-042A86294BF3}.Debug|Any CPU.ActiveCfg = Debug|Any CPU
		{FD844762-CFC4-4A49-9831-042A86294BF3}.Debug|Any CPU.Build.0 = Debug|Any CPU
		{FD844762-CFC4-4A49-9831-042A86294BF3}.Debug|x64.ActiveCfg = Debug|Any CPU
		{FD844762-CFC4-4A49-9831-042A86294BF3}.Debug|x64.Build.0 = Debug|Any CPU
		{FD844762-CFC4-4A49-9831-042A86294BF3}.Release|Any CPU.ActiveCfg = Release|Any CPU
		{FD844762-CFC4-4A49-9831-042A86294BF3}.Release|Any CPU.Build.0 = Release|Any CPU
		{FD844762-CFC4-4A49-9831-042A86294BF3}.Release|x64.ActiveCfg = Release|Any CPU
		{FD844762-CFC4-4A49-9831-042A86294BF3}.Release|x64.Build.0 = Release|Any CPU
		{487D7187-2669-4BB8-A3A7-F39031EC818B}.Debug|Any CPU.ActiveCfg = Debug|Any CPU
		{487D7187-2669-4BB8-A3A7-F39031EC818B}.Debug|Any CPU.Build.0 = Debug|Any CPU
		{487D7187-2669-4BB8-A3A7-F39031EC818B}.Debug|x64.ActiveCfg = Debug|Any CPU
		{487D7187-2669-4BB8-A3A7-F39031EC818B}.Debug|x64.Build.0 = Debug|Any CPU
		{487D7187-2669-4BB8-A3A7-F39031EC818B}.Release|Any CPU.ActiveCfg = Release|Any CPU
		{487D7187-2669-4BB8-A3A7-F39031EC818B}.Release|Any CPU.Build.0 = Release|Any CPU
		{487D7187-2669-4BB8-A3A7-F39031EC818B}.Release|x64.ActiveCfg = Release|Any CPU
		{487D7187-2669-4BB8-A3A7-F39031EC818B}.Release|x64.Build.0 = Release|Any CPU
	EndGlobalSection
	GlobalSection(SolutionProperties) = preSolution
		HideSolutionNode = FALSE
	EndGlobalSection
	GlobalSection(NestedProjects) = preSolution
		{1F4E7EE9-95C2-4C02-B894-48F73095450B} = {138A4E54-6ECE-40DF-8C0E-CD0905B4563D}
		{FC3A425C-085B-4A95-B8D9-70E40E729EE2} = {2EBCF63E-7C14-47A7-B972-C7870434AD32}
		{79126725-FC1F-4B6E-BC79-7EC37B7AB665} = {2EBCF63E-7C14-47A7-B972-C7870434AD32}
		{7F97A1C0-EBBA-47E9-BE7D-A11CC58E4DA4} = {8E46C76D-A0A4-4384-ABA5-77983DE839B4}
		{95E52045-FBA0-49D3-98F9-1B3C22365297} = {8E46C76D-A0A4-4384-ABA5-77983DE839B4}
		{7B1F8BA8-D8A4-4604-92F8-8AB9EA0485B8} = {8E46C76D-A0A4-4384-ABA5-77983DE839B4}
		{B9A1AC49-85F7-4D2A-A995-F861E586A6BF} = {138A4E54-6ECE-40DF-8C0E-CD0905B4563D}
		{408745A1-86B6-4B3A-A3CA-BD185CCC1B44} = {8E46C76D-A0A4-4384-ABA5-77983DE839B4}
		{05472752-51BD-44E8-B9FB-4B3E45D68D76} = {8E46C76D-A0A4-4384-ABA5-77983DE839B4}
		{C6E88E04-469C-43BC-BFD1-E09E29BC2C10} = {138A4E54-6ECE-40DF-8C0E-CD0905B4563D}
		{A3410852-F756-4ADA-BFCF-3168B06B3531} = {138A4E54-6ECE-40DF-8C0E-CD0905B4563D}
		{768D563D-C908-43D7-BD46-36D2012CE634} = {8E46C76D-A0A4-4384-ABA5-77983DE839B4}
		{C90A4F2B-9DDF-40F8-B0EC-C5546622313E} = {8E46C76D-A0A4-4384-ABA5-77983DE839B4}
		{2035DCE7-5A27-431A-AC69-D4DD688D3B9C} = {7F97A1C0-EBBA-47E9-BE7D-A11CC58E4DA4}
		{A038952D-12E3-4AE0-9A61-E5091418B133} = {7F97A1C0-EBBA-47E9-BE7D-A11CC58E4DA4}
		{04045E80-3B7B-49C9-8E4C-B3F770F00914} = {408745A1-86B6-4B3A-A3CA-BD185CCC1B44}
		{74FB80C1-7D4A-497F-A859-50DD4ABC1646} = {408745A1-86B6-4B3A-A3CA-BD185CCC1B44}
		{965AA975-2C3E-4A05-A185-410A5E4D3DD6} = {05472752-51BD-44E8-B9FB-4B3E45D68D76}
		{88E1B467-8092-47CD-9DB9-0C6B20B3D235} = {05472752-51BD-44E8-B9FB-4B3E45D68D76}
		{47320E5A-FCEC-4A23-9ADC-ED4682EDE165} = {768D563D-C908-43D7-BD46-36D2012CE634}
		{362D06E4-F86E-4E35-9932-A6D13DFDBBF3} = {768D563D-C908-43D7-BD46-36D2012CE634}
		{8C758B89-C54B-498D-BF89-B5B517060C13} = {7B1F8BA8-D8A4-4604-92F8-8AB9EA0485B8}
		{30E0AE16-4F61-4D37-991C-95AD09F5FEB6} = {95E52045-FBA0-49D3-98F9-1B3C22365297}
		{5FF4F323-C801-4359-99E7-0A0C2BF0ACA4} = {95E52045-FBA0-49D3-98F9-1B3C22365297}
		{CA70DD69-D513-4209-8E4A-A47F6773D1DA} = {C90A4F2B-9DDF-40F8-B0EC-C5546622313E}
		{FD844762-CFC4-4A49-9831-042A86294BF3} = {7B1F8BA8-D8A4-4604-92F8-8AB9EA0485B8}
		{487D7187-2669-4BB8-A3A7-F39031EC818B} = {C90A4F2B-9DDF-40F8-B0EC-C5546622313E}
	EndGlobalSection
	GlobalSection(ExtensibilityGlobals) = postSolution
		SolutionGuid = {920B9A56-71E3-492F-93BD-FA154EF349D2}
	EndGlobalSection
	GlobalSection(NDepend) = preSolution
		Project = ".\EcommerceDDD.ndproj"
	EndGlobalSection
EndGlobal
