
Microsoft Visual Studio Solution File, Format Version 12.00
# Visual Studio Version 16
VisualStudioVersion = 16.0.30002.166
MinimumVisualStudioVersion = 10.0.40219.1
Project("{2150E333-8FDC-42A3-9474-1A3956D46DE8}") = "Application", "Application", "{CC85A1EB-D55E-438E-8639-4D5DA5EB3CEC}"
EndProject
Project("{2150E333-8FDC-42A3-9474-1A3956D46DE8}") = "Domain", "Domain", "{7A844504-A719-4C8B-AD12-8DE9E433CF89}"
EndProject
Project("{2150E333-8FDC-42A3-9474-1A3956D46DE8}") = "Infrastructure", "Infrastructure", "{E9B376A8-E374-46E6-A85A-BB81707B8E23}"
EndProject
Project("{2150E333-8FDC-42A3-9474-1A3956D46DE8}") = "Presentation", "Presentation", "{31D2A2D3-AADD-48E4-BDF7-9360C1A83C58}"
EndProject
Project("{9A19103F-16F7-4668-BE54-9A1E7A4F7556}") = "EcommerceDDD.Application", "EcommerceDDD.Application\EcommerceDDD.Application.csproj", "{6DC937B9-D551-48DE-967F-D4A2D961D61F}"
EndProject
Project("{9A19103F-16F7-4668-BE54-9A1E7A4F7556}") = "EcommerceDDD.WebApp", "EcommerceDDD.WebApp\EcommerceDDD.WebApp.csproj", "{CF6CFB76-6763-4D7E-B95D-4969885D4A55}"
EndProject
Project("{9A19103F-16F7-4668-BE54-9A1E7A4F7556}") = "EcommerceDDD.Domain", "EcommerceDDD.Domain\EcommerceDDD.Domain.csproj", "{3C59E2EB-4577-48C1-985C-A1C8CA1B15BE}"
EndProject
Project("{9A19103F-16F7-4668-BE54-9A1E7A4F7556}") = "EcommerceDDD.Infrastructure.IoC", "EcommerceDDD.Infrastructure.IoC\EcommerceDDD.Infrastructure.IoC.csproj", "{76F59B47-EEAA-4D75-AD64-3B6BD05E384E}"
EndProject
Project("{9A19103F-16F7-4668-BE54-9A1E7A4F7556}") = "EcommerceDDD.Domain.Core", "EcommerceDDD.Domain.Core\EcommerceDDD.Domain.Core.csproj", "{1A4E1588-DC1B-48E6-9808-0F95F18DD7B7}"
EndProject
Project("{2150E333-8FDC-42A3-9474-1A3956D46DE8}") = "Tests and Seeds", "Tests and Seeds", "{1897A383-54FB-4FAA-BB6E-BEF06B93555F}"
EndProject
Project("{9A19103F-16F7-4668-BE54-9A1E7A4F7556}") = "EcommerceDDD.UnitTests", "EcommerceDDD.UnitTests\EcommerceDDD.UnitTests.csproj", "{F5CE9613-6D63-458A-B635-E8EB59FBC60A}"
EndProject
Project("{9A19103F-16F7-4668-BE54-9A1E7A4F7556}") = "EcommerceDDD.DataSeed", "EcommerceDDD.DataSeed\EcommerceDDD.DataSeed.csproj", "{54F11F41-285A-446D-9AEA-C75F46C99019}"
EndProject
Project("{FAE04EC0-301F-11D3-BF4B-00C04F79EFBC}") = "EcommerceDDD.Infrastructure", "EcommerceDDD.Infrastructure\EcommerceDDD.Infrastructure.csproj", "{86CB8915-5B98-4540-90D7-703F9C34BCCF}"
EndProject
Global
	GlobalSection(SolutionConfigurationPlatforms) = preSolution
		Debug|Any CPU = Debug|Any CPU
		Release|Any CPU = Release|Any CPU
	EndGlobalSection
	GlobalSection(ProjectConfigurationPlatforms) = postSolution
		{6DC937B9-D551-48DE-967F-D4A2D961D61F}.Debug|Any CPU.ActiveCfg = Debug|Any CPU
		{6DC937B9-D551-48DE-967F-D4A2D961D61F}.Debug|Any CPU.Build.0 = Debug|Any CPU
		{6DC937B9-D551-48DE-967F-D4A2D961D61F}.Release|Any CPU.ActiveCfg = Release|Any CPU
		{6DC937B9-D551-48DE-967F-D4A2D961D61F}.Release|Any CPU.Build.0 = Release|Any CPU
		{CF6CFB76-6763-4D7E-B95D-4969885D4A55}.Debug|Any CPU.ActiveCfg = Debug|Any CPU
		{CF6CFB76-6763-4D7E-B95D-4969885D4A55}.Debug|Any CPU.Build.0 = Debug|Any CPU
		{CF6CFB76-6763-4D7E-B95D-4969885D4A55}.Release|Any CPU.ActiveCfg = Release|Any CPU
		{CF6CFB76-6763-4D7E-B95D-4969885D4A55}.Release|Any CPU.Build.0 = Release|Any CPU
		{3C59E2EB-4577-48C1-985C-A1C8CA1B15BE}.Debug|Any CPU.ActiveCfg = Debug|Any CPU
		{3C59E2EB-4577-48C1-985C-A1C8CA1B15BE}.Debug|Any CPU.Build.0 = Debug|Any CPU
		{3C59E2EB-4577-48C1-985C-A1C8CA1B15BE}.Release|Any CPU.ActiveCfg = Release|Any CPU
		{3C59E2EB-4577-48C1-985C-A1C8CA1B15BE}.Release|Any CPU.Build.0 = Release|Any CPU
		{76F59B47-EEAA-4D75-AD64-3B6BD05E384E}.Debug|Any CPU.ActiveCfg = Debug|Any CPU
		{76F59B47-EEAA-4D75-AD64-3B6BD05E384E}.Debug|Any CPU.Build.0 = Debug|Any CPU
		{76F59B47-EEAA-4D75-AD64-3B6BD05E384E}.Release|Any CPU.ActiveCfg = Release|Any CPU
		{76F59B47-EEAA-4D75-AD64-3B6BD05E384E}.Release|Any CPU.Build.0 = Release|Any CPU
		{1A4E1588-DC1B-48E6-9808-0F95F18DD7B7}.Debug|Any CPU.ActiveCfg = Debug|Any CPU
		{1A4E1588-DC1B-48E6-9808-0F95F18DD7B7}.Debug|Any CPU.Build.0 = Debug|Any CPU
		{1A4E1588-DC1B-48E6-9808-0F95F18DD7B7}.Release|Any CPU.ActiveCfg = Release|Any CPU
		{1A4E1588-DC1B-48E6-9808-0F95F18DD7B7}.Release|Any CPU.Build.0 = Release|Any CPU
		{F5CE9613-6D63-458A-B635-E8EB59FBC60A}.Debug|Any CPU.ActiveCfg = Debug|Any CPU
		{F5CE9613-6D63-458A-B635-E8EB59FBC60A}.Debug|Any CPU.Build.0 = Debug|Any CPU
		{F5CE9613-6D63-458A-B635-E8EB59FBC60A}.Release|Any CPU.ActiveCfg = Release|Any CPU
		{F5CE9613-6D63-458A-B635-E8EB59FBC60A}.Release|Any CPU.Build.0 = Release|Any CPU
		{54F11F41-285A-446D-9AEA-C75F46C99019}.Debug|Any CPU.ActiveCfg = Debug|Any CPU
		{54F11F41-285A-446D-9AEA-C75F46C99019}.Debug|Any CPU.Build.0 = Debug|Any CPU
		{54F11F41-285A-446D-9AEA-C75F46C99019}.Release|Any CPU.ActiveCfg = Release|Any CPU
		{54F11F41-285A-446D-9AEA-C75F46C99019}.Release|Any CPU.Build.0 = Release|Any CPU
		{86CB8915-5B98-4540-90D7-703F9C34BCCF}.Debug|Any CPU.ActiveCfg = Debug|Any CPU
		{86CB8915-5B98-4540-90D7-703F9C34BCCF}.Debug|Any CPU.Build.0 = Debug|Any CPU
		{86CB8915-5B98-4540-90D7-703F9C34BCCF}.Release|Any CPU.ActiveCfg = Release|Any CPU
		{86CB8915-5B98-4540-90D7-703F9C34BCCF}.Release|Any CPU.Build.0 = Release|Any CPU
	EndGlobalSection
	GlobalSection(SolutionProperties) = preSolution
		HideSolutionNode = FALSE
	EndGlobalSection
	GlobalSection(NestedProjects) = preSolution
		{6DC937B9-D551-48DE-967F-D4A2D961D61F} = {CC85A1EB-D55E-438E-8639-4D5DA5EB3CEC}
		{CF6CFB76-6763-4D7E-B95D-4969885D4A55} = {31D2A2D3-AADD-48E4-BDF7-9360C1A83C58}
		{3C59E2EB-4577-48C1-985C-A1C8CA1B15BE} = {7A844504-A719-4C8B-AD12-8DE9E433CF89}
		{76F59B47-EEAA-4D75-AD64-3B6BD05E384E} = {E9B376A8-E374-46E6-A85A-BB81707B8E23}
		{1A4E1588-DC1B-48E6-9808-0F95F18DD7B7} = {7A844504-A719-4C8B-AD12-8DE9E433CF89}
		{F5CE9613-6D63-458A-B635-E8EB59FBC60A} = {1897A383-54FB-4FAA-BB6E-BEF06B93555F}
		{54F11F41-285A-446D-9AEA-C75F46C99019} = {1897A383-54FB-4FAA-BB6E-BEF06B93555F}
		{86CB8915-5B98-4540-90D7-703F9C34BCCF} = {E9B376A8-E374-46E6-A85A-BB81707B8E23}
	EndGlobalSection
	GlobalSection(ExtensibilityGlobals) = postSolution
		SolutionGuid = {920B9A56-71E3-492F-93BD-FA154EF349D2}
	EndGlobalSection
EndGlobal
